
Microsoft Visual Studio Solution File, Format Version 12.00
# Visual Studio Version 16
VisualStudioVersion = 16.0.31105.61
MinimumVisualStudioVersion = 10.0.40219.1
Project("{FAE04EC0-301F-11D3-BF4B-00C04F79EFBC}") = "calcula-wpf", "calcula-wpf.csproj", "{C62A9369-1C6F-47B7-8E60-54A3F73A47ED}"
EndProject
Global
	GlobalSection(SolutionConfigurationPlatforms) = preSolution
		Debug|Any CPU = Debug|Any CPU
		Release|Any CPU = Release|Any CPU
	EndGlobalSection
	GlobalSection(ProjectConfigurationPlatforms) = postSolution
		{C62A9369-1C6F-47B7-8E60-54A3F73A47ED}.Debug|Any CPU.ActiveCfg = Debug|Any CPU
		{C62A9369-1C6F-47B7-8E60-54A3F73A47ED}.Debug|Any CPU.Build.0 = Debug|Any CPU
		{C62A9369-1C6F-47B7-8E60-54A3F73A47ED}.Release|Any CPU.ActiveCfg = Release|Any CPU
		{C62A9369-1C6F-47B7-8E60-54A3F73A47ED}.Release|Any CPU.Build.0 = Release|Any CPU
	EndGlobalSection
	GlobalSection(SolutionProperties) = preSolution
		HideSolutionNode = FALSE
	EndGlobalSection
	GlobalSection(ExtensibilityGlobals) = postSolution
		SolutionGuid = {1EE27289-5019-4BFB-B54A-0FA38354BD3F}
	EndGlobalSection
EndGlobal
